
Microsoft Visual Studio Solution File, Format Version 12.00
# Visual Studio Version 16
VisualStudioVersion = 16.0.31005.135
MinimumVisualStudioVersion = 10.0.40219.1
Project("{FAE04EC0-301F-11D3-BF4B-00C04F79EFBC}") = "WebApp", "WebApp\WebApp.csproj", "{FAB7A101-65B4-4DB5-9456-8453C2318F29}"
EndProject
Global
	GlobalSection(SolutionConfigurationPlatforms) = preSolution
		Debug|Any CPU = Debug|Any CPU
		Release|Any CPU = Release|Any CPU
	EndGlobalSection
	GlobalSection(ProjectConfigurationPlatforms) = postSolution
		{FAB7A101-65B4-4DB5-9456-8453C2318F29}.Debug|Any CPU.ActiveCfg = Debug|Any CPU
		{FAB7A101-65B4-4DB5-9456-8453C2318F29}.Debug|Any CPU.Build.0 = Debug|Any CPU
		{FAB7A101-65B4-4DB5-9456-8453C2318F29}.Release|Any CPU.ActiveCfg = Release|Any CPU
		{FAB7A101-65B4-4DB5-9456-8453C2318F29}.Release|Any CPU.Build.0 = Release|Any CPU
	EndGlobalSection
	GlobalSection(SolutionProperties) = preSolution
		HideSolutionNode = FALSE
	EndGlobalSection
	GlobalSection(ExtensibilityGlobals) = postSolution
		SolutionGuid = {AB40FD21-9041-4FAA-8D11-49F256464402}
	EndGlobalSection
EndGlobal
